
Microsoft Visual Studio Solution File, Format Version 12.00
# Visual Studio Version 17
VisualStudioVersion = 17.0.31903.59
MinimumVisualStudioVersion = 10.0.40219.1
Project("{FAE04EC0-301F-11D3-BF4B-00C04F79EFBC}") = "3_Generic_Covariant", "3_Generic_Covariant\3_Generic_Covariant.csproj", "{F78D1584-5CAA-4A35-BBC9-E30FF907BD76}"
EndProject
Project("{FAE04EC0-301F-11D3-BF4B-00C04F79EFBC}") = "4_Records", "4_Records\4_Records.csproj", "{816ED99F-17DC-49D6-9249-C7CD6DE8205F}"
EndProject
Project("{FAE04EC0-301F-11D3-BF4B-00C04F79EFBC}") = "5_Preprocessor_Directives", "5_Preprocessor_Directives\5_Preprocessor_Directives.csproj", "{96D8F7CB-381E-4348-AA32-953B6421276B}"
EndProject
Project("{2150E333-8FDC-42A3-9474-1A3956D46DE8}") = "6_DotNetFundamental", "6_DotNetFundamental", "{A15638A3-9AB5-45F0-9B15-BCEF83E0813C}"
EndProject
Project("{FAE04EC0-301F-11D3-BF4B-00C04F79EFBC}") = "1_StandardFormatStringsAndParsingFlags", "6_DotNetFundamental\1_StandardFormatStringsAndParsingFlags\1_StandardFormatStringsAndParsingFlags.csproj", "{0DD64F4A-908C-4EF4-BC57-66B43788B0AE}"
EndProject
Global
	GlobalSection(SolutionConfigurationPlatforms) = preSolution
		Debug|Any CPU = Debug|Any CPU
		Release|Any CPU = Release|Any CPU
	EndGlobalSection
	GlobalSection(SolutionProperties) = preSolution
		HideSolutionNode = FALSE
	EndGlobalSection
	GlobalSection(ProjectConfigurationPlatforms) = postSolution
		{F78D1584-5CAA-4A35-BBC9-E30FF907BD76}.Debug|Any CPU.ActiveCfg = Debug|Any CPU
		{F78D1584-5CAA-4A35-BBC9-E30FF907BD76}.Debug|Any CPU.Build.0 = Debug|Any CPU
		{F78D1584-5CAA-4A35-BBC9-E30FF907BD76}.Release|Any CPU.ActiveCfg = Release|Any CPU
		{F78D1584-5CAA-4A35-BBC9-E30FF907BD76}.Release|Any CPU.Build.0 = Release|Any CPU
		{816ED99F-17DC-49D6-9249-C7CD6DE8205F}.Debug|Any CPU.ActiveCfg = Debug|Any CPU
		{816ED99F-17DC-49D6-9249-C7CD6DE8205F}.Debug|Any CPU.Build.0 = Debug|Any CPU
		{816ED99F-17DC-49D6-9249-C7CD6DE8205F}.Release|Any CPU.ActiveCfg = Release|Any CPU
		{816ED99F-17DC-49D6-9249-C7CD6DE8205F}.Release|Any CPU.Build.0 = Release|Any CPU
		{96D8F7CB-381E-4348-AA32-953B6421276B}.Debug|Any CPU.ActiveCfg = Debug|Any CPU
		{96D8F7CB-381E-4348-AA32-953B6421276B}.Debug|Any CPU.Build.0 = Debug|Any CPU
		{96D8F7CB-381E-4348-AA32-953B6421276B}.Release|Any CPU.ActiveCfg = Release|Any CPU
		{96D8F7CB-381E-4348-AA32-953B6421276B}.Release|Any CPU.Build.0 = Release|Any CPU
		{0DD64F4A-908C-4EF4-BC57-66B43788B0AE}.Debug|Any CPU.ActiveCfg = Debug|Any CPU
		{0DD64F4A-908C-4EF4-BC57-66B43788B0AE}.Debug|Any CPU.Build.0 = Debug|Any CPU
		{0DD64F4A-908C-4EF4-BC57-66B43788B0AE}.Release|Any CPU.ActiveCfg = Release|Any CPU
		{0DD64F4A-908C-4EF4-BC57-66B43788B0AE}.Release|Any CPU.Build.0 = Release|Any CPU
	EndGlobalSection
	GlobalSection(NestedProjects) = preSolution
		{0DD64F4A-908C-4EF4-BC57-66B43788B0AE} = {A15638A3-9AB5-45F0-9B15-BCEF83E0813C}
	EndGlobalSection
EndGlobal
